
Microsoft Visual Studio Solution File, Format Version 12.00
# Visual Studio Version 16
VisualStudioVersion = 16.0.33130.400
MinimumVisualStudioVersion = 10.0.40219.1
Project("{FAE04EC0-301F-11D3-BF4B-00C04F79EFBC}") = "ParserLib", "ParserLib\ParserLib.csproj", "{4BED01EC-7F86-4467-8353-6274CEC0FE24}"
EndProject
Global
	GlobalSection(SolutionConfigurationPlatforms) = preSolution
		Debug|Any CPU = Debug|Any CPU
		Release|Any CPU = Release|Any CPU
	EndGlobalSection
	GlobalSection(ProjectConfigurationPlatforms) = postSolution
		{4BED01EC-7F86-4467-8353-6274CEC0FE24}.Debug|Any CPU.ActiveCfg = Debug|Any CPU
		{4BED01EC-7F86-4467-8353-6274CEC0FE24}.Debug|Any CPU.Build.0 = Debug|Any CPU
		{4BED01EC-7F86-4467-8353-6274CEC0FE24}.Release|Any CPU.ActiveCfg = Release|Any CPU
		{4BED01EC-7F86-4467-8353-6274CEC0FE24}.Release|Any CPU.Build.0 = Release|Any CPU
	EndGlobalSection
	GlobalSection(SolutionProperties) = preSolution
		HideSolutionNode = FALSE
	EndGlobalSection
	GlobalSection(ExtensibilityGlobals) = postSolution
		SolutionGuid = {7C309CBB-3A56-4221-961A-80BD1EC9F370}
	EndGlobalSection
EndGlobal
